
Microsoft Visual Studio Solution File, Format Version 12.00
# Visual Studio Version 17
VisualStudioVersion = 17.1.32414.318
MinimumVisualStudioVersion = 10.0.40219.1
Project("{FAE04EC0-301F-11D3-BF4B-00C04F79EFBC}") = "flutter_second_api", "flutter_second_api\flutter_second_api.csproj", "{5E3CF991-EDA9-4688-A1B5-8356DC258047}"
EndProject
Global
	GlobalSection(SolutionConfigurationPlatforms) = preSolution
		Debug|Any CPU = Debug|Any CPU
		Release|Any CPU = Release|Any CPU
	EndGlobalSection
	GlobalSection(ProjectConfigurationPlatforms) = postSolution
		{5E3CF991-EDA9-4688-A1B5-8356DC258047}.Debug|Any CPU.ActiveCfg = Debug|Any CPU
		{5E3CF991-EDA9-4688-A1B5-8356DC258047}.Debug|Any CPU.Build.0 = Debug|Any CPU
		{5E3CF991-EDA9-4688-A1B5-8356DC258047}.Release|Any CPU.ActiveCfg = Release|Any CPU
		{5E3CF991-EDA9-4688-A1B5-8356DC258047}.Release|Any CPU.Build.0 = Release|Any CPU
	EndGlobalSection
	GlobalSection(SolutionProperties) = preSolution
		HideSolutionNode = FALSE
	EndGlobalSection
	GlobalSection(ExtensibilityGlobals) = postSolution
		SolutionGuid = {6D52D237-FC29-49F4-9E9A-22E1F7344A14}
	EndGlobalSection
EndGlobal
